
Microsoft Visual Studio Solution File, Format Version 12.00
# Visual Studio Version 17
VisualStudioVersion = 17.14.36518.9 d17.14
MinimumVisualStudioVersion = 10.0.40219.1
Project("{FAE04EC0-301F-11D3-BF4B-00C04F79EFBC}") = "aula 10", "aula 10\aula 10.csproj", "{D8077891-AD8C-40F7-9405-744FCDF4716E}"
EndProject
Global
	GlobalSection(SolutionConfigurationPlatforms) = preSolution
		Debug|Any CPU = Debug|Any CPU
		Release|Any CPU = Release|Any CPU
	EndGlobalSection
	GlobalSection(ProjectConfigurationPlatforms) = postSolution
		{D8077891-AD8C-40F7-9405-744FCDF4716E}.Debug|Any CPU.ActiveCfg = Debug|Any CPU
		{D8077891-AD8C-40F7-9405-744FCDF4716E}.Debug|Any CPU.Build.0 = Debug|Any CPU
		{D8077891-AD8C-40F7-9405-744FCDF4716E}.Release|Any CPU.ActiveCfg = Release|Any CPU
		{D8077891-AD8C-40F7-9405-744FCDF4716E}.Release|Any CPU.Build.0 = Release|Any CPU
	EndGlobalSection
	GlobalSection(SolutionProperties) = preSolution
		HideSolutionNode = FALSE
	EndGlobalSection
	GlobalSection(ExtensibilityGlobals) = postSolution
		SolutionGuid = {B645E35C-8959-48C3-B217-34C6DCB7BCDA}
	EndGlobalSection
EndGlobal
