
Microsoft Visual Studio Solution File, Format Version 12.00
# Visual Studio Version 17
VisualStudioVersion = 17.14.36518.9 d17.14
MinimumVisualStudioVersion = 10.0.40219.1
Project("{FAE04EC0-301F-11D3-BF4B-00C04F79EFBC}") = "PesquisaSequencial", "PesquisaSequencial\PesquisaSequencial.csproj", "{0418ABD6-ED45-4768-8EFA-9219C99BE342}"
EndProject
Global
	GlobalSection(SolutionConfigurationPlatforms) = preSolution
		Debug|Any CPU = Debug|Any CPU
		Release|Any CPU = Release|Any CPU
	EndGlobalSection
	GlobalSection(ProjectConfigurationPlatforms) = postSolution
		{0418ABD6-ED45-4768-8EFA-9219C99BE342}.Debug|Any CPU.ActiveCfg = Debug|Any CPU
		{0418ABD6-ED45-4768-8EFA-9219C99BE342}.Debug|Any CPU.Build.0 = Debug|Any CPU
		{0418ABD6-ED45-4768-8EFA-9219C99BE342}.Release|Any CPU.ActiveCfg = Release|Any CPU
		{0418ABD6-ED45-4768-8EFA-9219C99BE342}.Release|Any CPU.Build.0 = Release|Any CPU
	EndGlobalSection
	GlobalSection(SolutionProperties) = preSolution
		HideSolutionNode = FALSE
	EndGlobalSection
	GlobalSection(ExtensibilityGlobals) = postSolution
		SolutionGuid = {3203D025-74FE-42D9-9D8F-6A5A1E6E2C9D}
	EndGlobalSection
EndGlobal
